#MicroXplorer Configuration settings - do not modify
Dma.SDIO_RX.4.MemBurst=DMA_MBURST_INC4
PB13.GPIOParameters=GPIO_Label
PD12.GPIO_Label=ADIB1_ID1
PC7.GPIOParameters=GPIO_Label
FATFS._USE_LFN=2
PE11.GPIOParameters=GPIO_Label
FATFS0.BSP.api=Unknown
NVIC.TIM6_DAC_IRQn=true\:0\:0\:false\:false\:true\:true\:true
PF14.PinState=GPIO_PIN_SET
PG8.Signal=GPIO_Output
Dma.SPI4_TX.1.PeriphDataAlignment=DMA_PDATAALIGN_BYTE
PG8.Locked=true
PG0.Locked=true
RCC.PLLQCLKFreq_Value=45000000
PG0.Signal=GPXTI0
PC7.Locked=true
PD8.Locked=true
PD0.Locked=true
PG14.GPIOParameters=GPIO_Label
PA2.GPIOParameters=GPIO_Label
PG2.GPIOParameters=GPIO_PuPd,GPIO_Label
Dma.SPI4_RX.0.RequestParameters=Instance,Direction,PeriphInc,MemInc,PeriphDataAlignment,MemDataAlignment,Mode,Priority,FIFOMode
NVIC.SVCall_IRQn=true\:0\:0\:false\:false\:true\:false\:false
PG15.GPIO_Label=ADC_DRDY
SH.S_TIM3_CH2.ConfNb=1
RCC.APB2TimFreq_Value=180000000
SDIO.IPParameters=ClockBypass,HardwareFlowControl,ClockDiv
PB6.Signal=GPIO_Output
PC7.Signal=GPIO_Output
PB12.PinState=GPIO_PIN_SET
PD0.Signal=GPIO_Output
Dma.SPI3_RX.6.Direction=DMA_PERIPH_TO_MEMORY
PD8.Signal=GPXTI8
PE1.Signal=GPIO_Input
Dma.SPI4_RX.0.Priority=DMA_PRIORITY_LOW
FATFS0.BSP.ip=GPIO
PE14.Locked=true
NVIC.EXTI15_10_IRQn=true\:0\:0\:false\:false\:true\:true\:true
ProjectManager.ProjectBuild=false
Dma.SPI2_RX.2.MemDataAlignment=DMA_MDATAALIGN_HALFWORD
NVIC.UsageFault_IRQn=true\:0\:0\:false\:false\:true\:false\:false
Dma.SPI3_RX.6.Mode=DMA_NORMAL
PB3.Mode=Full_Duplex_Master
PF1.GPIO_Label=USEL10\#2
Dma.SPI2_RX.2.PeriphInc=DMA_PINC_DISABLE
PD1.GPIO_Label=USEL1\#3
PB12.GPIO_Label=DAC_CS_DUAL
ProjectManager.FirmwarePackage=STM32Cube FW_F4 V1.26.0
PF12.GPIO_Label=DAC_CLR\#1
ProjectManager.BackupPrevious=false
PC4.GPIO_Label=DOUT4
PE9.Signal=GPIO_Input
PG12.GPIOParameters=GPIO_Label
PE9.Locked=true
PB14.Mode=Full_Duplex_Master
PB1.GPIO_Label=DOUT7
PG4.GPIO_Label=IN_CTRL6
PE4.GPIO_Label=DIN2
PC9.Mode=SD_4_bits_Wide_bus
PF13.Locked=true
Dma.SPI2_RX.2.PeriphDataAlignment=DMA_PDATAALIGN_HALFWORD
PD14.GPIO_PuPd=GPIO_PULLUP
PF2.Locked=true
RCC.PLLRCLKFreq_Value=180000000
PE13.Mode=Full_Duplex_Slave
PE1.Locked=true
PB6.Locked=true
PG0.GPIO_PuPd=GPIO_PULLUP
RCC.PLLI2SoutputFreq_Value=96000000
ProjectManager.HalAssertFull=false
Dma.SDIO_TX.5.PeriphDataAlignment=DMA_PDATAALIGN_WORD
Mcu.Package=LQFP144
PB9.Signal=GPIO_Output
PB1.Signal=GPIO_Output
PA5.Locked=true
SPI2.Mode=SPI_MODE_MASTER
Dma.SPI3_RX.6.MemInc=DMA_MINC_ENABLE
RCC.I2S2Freq_Value=96000000
SPI3.Mode=SPI_MODE_MASTER
SH.GPXTI8.0=GPIO_EXTI8
PD12.Signal=GPIO_Input
VP_SYS_VS_Systick.Signal=SYS_VS_Systick
PA10.Signal=GPIO_Output
PE12.GPIO_Label=DIB_SCLK
PC11.Mode=SD_4_bits_Wide_bus
RCC.APB2CLKDivider=RCC_HCLK_DIV2
Dma.SDIO_RX.4.PeriphDataAlignment=DMA_PDATAALIGN_WORD
RCC.APB1TimFreq_Value=90000000
PB13.Mode=Full_Duplex_Master
PE6.Locked=true
PD5.Locked=true
PA4.GPIO_Label=DOUT_EN
PD15.Signal=GPIO_Input
RCC.PLLSAIQCLKFreq_Value=96000000
PG12.Signal=GPIO_Output
PE12.Mode=Full_Duplex_Slave
PA6.GPIOParameters=GPIO_Label
Mcu.Pin80=PD4
PD6.GPIOParameters=GPIO_Label
Mcu.Pin81=PD5
FATFS0.BSP.STBoard=false
ProjectManager.ProjectFileName=mio168-firmware.ioc
Mcu.Pin79=PD3
Mcu.PinsNb=104
Mcu.Pin73=PC10
PC11.Locked=true
Mcu.Pin74=PC11
Mcu.Pin71=PA14
Dma.SPI3_TX.7.MemInc=DMA_MINC_ENABLE
Mcu.Pin72=PA15
Mcu.Pin77=PD1
PG5.Locked=true
PC13.Locked=true
PG5.Signal=GPIO_Output
Mcu.Pin78=PD2
Mcu.Pin75=PC12
PC13.Signal=GPIO_Output
PG3.Locked=true
Mcu.Pin76=PD0
FATFS0.BSP.mode=Input
PD3.Signal=GPIO_Output
Mcu.Pin70=PA13
PC2.Signal=GPIO_Output
Dma.SDIO_TX.5.Direction=DMA_MEMORY_TO_PERIPH
Mcu.Pin68=PA10
Mcu.Pin69=PA12
PB14.Locked=true
PC14-OSC32_IN.Signal=GPIO_Output
Mcu.Pin62=PG7
PG14.Locked=true
Mcu.Pin63=PG8
Mcu.Pin60=PG5
Mcu.Pin61=PG6
Mcu.Pin66=PC8
Mcu.Pin67=PC9
Mcu.Pin64=PC6
Mcu.Pin65=PC7
Dma.SPI2_TX.3.PeriphDataAlignment=DMA_PDATAALIGN_HALFWORD
PC3.GPIOParameters=GPIO_Label
PB8.GPIO_Label=SLOW_DIN\#1
PA15.Locked=true
Mcu.Pin59=PG4
Mcu.Pin57=PG2
Mcu.Pin58=PG3
Mcu.Pin51=PD8
Mcu.Pin52=PD11
Mcu.Pin50=PB15
Mcu.Pin55=PD14
Mcu.Pin56=PD15
Mcu.Pin53=PD12
PE8.GPIO_Label=AFE_ID1
Mcu.Pin54=PD13
PB9.Locked=true
SDIO.ClockDiv=3
NVIC.DMA2_Stream6_IRQn=true\:0\:0\:false\:false\:true\:false\:true
Mcu.Pin48=PB13
Mcu.Pin49=PB14
Mcu.Pin46=PB10
Mcu.Pin47=PB12
PF3.GPIOParameters=GPIO_Label
PG6.GPIOParameters=GPIO_Label
PB14.Signal=SPI2_MISO
PA5.Signal=S_TIM2_CH1_ETR
Mcu.Pin40=PE9
Mcu.Pin41=PE11
PE13.GPIOParameters=GPIO_Label
Mcu.Pin44=PE14
PC12.Mode=SD_4_bits_Wide_bus
Mcu.Pin45=PE15
Mcu.Pin42=PE12
Mcu.Pin43=PE13
PE1.GPIO_Label=DIN5
PE14.Signal=SPI4_MOSI
Mcu.Pin37=PG1
PB4.GPIO_Label=ADC_MISO
Mcu.Pin38=PE7
Mcu.Pin35=PF15
PB15.GPIO_Label=DAC_MOSI
Mcu.Pin36=PG0
RCC.PLLI2SPCLKFreq_Value=96000000
PG15.GPIO_ModeDefaultEXTI=GPIO_MODE_IT_FALLING
Mcu.Pin39=PE8
PG7.GPIO_Label=IN_CTRL3
PF4.GPIO_Label=ISEL_R\#4
Mcu.Pin30=PB1
PA1.GPIO_Label=DOUT1
SH.S_TIM9_CH1.0=TIM9_CH1,Input_Capture1_from_TI1
Mcu.Pin33=PF13
Mcu.Pin34=PF14
Mcu.Pin31=PF11
Mcu.Pin32=PF12
NVIC.NonMaskableInt_IRQn=true\:0\:0\:false\:false\:true\:false\:false
PF13.Signal=GPIO_Output
TIM2.Period=0
RCC.PLLI2SQCLKFreq_Value=96000000
Mcu.Pin26=PA7
Mcu.Pin27=PC4
Mcu.Pin24=PA5
Mcu.Pin25=PA6
Mcu.Pin28=PC5
PC7.GPIO_Label=IN_CTRL0
Mcu.Pin29=PB0
PC8.Mode=SD_4_bits_Wide_bus
Dma.SDIO_RX.4.PeriphInc=DMA_PINC_DISABLE
PD14.GPIOParameters=GPIO_PuPd,GPIO_Label
Mcu.Pin22=PA3
Mcu.Pin23=PA4
Mcu.Pin20=PA1
Mcu.Pin21=PA2
PA3.Locked=true
PA5.GPIO_Label=PWM1
PA10.Locked=true
NVIC.ForceEnableDMAVector=true
Dma.SDIO_RX.4.FIFOThreshold=DMA_FIFO_THRESHOLD_FULL
NVIC.MemoryManagement_IRQn=true\:0\:0\:false\:false\:true\:false\:false
PE5.GPIO_Label=DIN1
PD15.Locked=true
ProjectManager.HeapSize=0x2000
Mcu.Pin15=PH1-OSC_OUT
NVIC.HardFault_IRQn=true\:0\:0\:false\:false\:true\:false\:false
Mcu.Pin16=PC1
Mcu.Pin13=PF5
Mcu.Pin14=PH0-OSC_IN
Mcu.Pin19=PA0-WKUP
SH.GPXTI15.ConfNb=1
Mcu.Pin17=PC2
Mcu.Pin18=PC3
NVIC.PriorityGroup=NVIC_PRIORITYGROUP_4
Mcu.Pin11=PF3
PF0.GPIO_Label=USEL1\#2
Mcu.Pin12=PF4
PG0.GPIOParameters=GPIO_PuPd,GPIO_Label
PD0.GPIOParameters=GPIO_Label
SDIO.HardwareFlowControl=SDIO_HARDWARE_FLOW_CONTROL_ENABLE
Mcu.Pin10=PF2
PE3.Signal=GPIO_Input
RCC.PWRFreq_Value=180000000
PF4.Signal=GPIO_Output
TIM9.Channel-Input_Capture2_from_TI2=TIM_CHANNEL_2
PD2.Signal=SDIO_CMD
FATFS0.BSP.name=Detect_SDIO
PG15.Locked=true
Mcu.Family=STM32F4
Dma.SDIO_TX.5.MemInc=DMA_MINC_ENABLE
ProjectManager.MainLocation=Core/Src
PB10.PinState=GPIO_PIN_SET
PG9.GPIOParameters=GPIO_Label
ProjectManager.KeepUserCode=true
FATFS0.BSP.semaphore=
Dma.SPI4_TX.1.MemDataAlignment=DMA_MDATAALIGN_BYTE
PG2.Signal=GPIO_Input
PE11.GPIO_Label=DIB_NSS
PG2.Locked=true
PC5.Locked=true
PF0.GPIOParameters=GPIO_Label
PA12.GPIOParameters=GPIO_PuPd,GPIO_Label
PD0.GPIO_Label=USEL10\#3
PD6.Locked=true
PD2.Locked=true
Dma.SPI3_TX.7.Priority=DMA_PRIORITY_LOW
PC1.Locked=true
PB13.GPIO_Label=DAC_SCK
PD8.GPIO_PuPd=GPIO_PULLUP
PG5.GPIO_Label=IN_CTRL5
Dma.SPI3_TX.7.FIFOMode=DMA_FIFOMODE_DISABLE
PB15.Signal=SPI2_MOSI
Dma.SPI2_RX.2.RequestParameters=Instance,Direction,PeriphInc,MemInc,PeriphDataAlignment,MemDataAlignment,Mode,Priority,FIFOMode
PF12.GPIOParameters=GPIO_Label
PG11.Signal=GPIO_Output
PG15.Signal=GPXTI15
PB5.GPIOParameters=GPIO_Label
Dma.SDIO_TX.5.FIFOThreshold=DMA_FIFO_THRESHOLD_FULL
PD13.Signal=GPIO_Input
Mcu.IP4=RCC
RCC.FCLKCortexFreq_Value=180000000
Mcu.IP5=SDIO
PD13.Locked=true
Mcu.IP2=FATFS
Dma.SPI3_TX.7.Instance=DMA1_Stream5
Mcu.IP3=NVIC
PA15.GPIO_Label=ADC_CS
Mcu.IP0=CRC
Mcu.IP1=DMA
PE4.GPIOParameters=GPIO_Label
PF1.GPIOParameters=GPIO_Label
RCC.SDIOFreq_Value=48000000
ProjectManager.PreviousToolchain=STM32CubeIDE
PF1.Locked=true
Dma.SDIO_RX.4.FIFOMode=DMA_FIFOMODE_ENABLE
TIM3.Period=0
PF13.GPIO_Speed=GPIO_SPEED_FREQ_VERY_HIGH
PG8.GPIOParameters=GPIO_Label
Dma.SPI4_TX.1.Direction=DMA_MEMORY_TO_PERIPH
Dma.SDIO_RX.4.RequestParameters=Instance,Direction,PeriphInc,MemInc,PeriphDataAlignment,MemDataAlignment,Mode,Priority,FIFOMode,FIFOThreshold,MemBurst,PeriphBurst
SPI4.IPParameters=VirtualType,Mode,Direction,VirtualNSS,CRCCalculation,CRCPolynomial
Dma.SDIO_RX.4.MemDataAlignment=DMA_MDATAALIGN_WORD
PA0-WKUP.GPIOParameters=GPIO_Speed,GPIO_Label
Dma.SPI2_RX.2.Instance=DMA1_Stream3
RCC.HSE_VALUE=16000000
PA0-WKUP.GPIO_Speed=GPIO_SPEED_FREQ_LOW
NVIC.DebugMonitor_IRQn=true\:0\:0\:false\:false\:true\:false\:false
Mcu.IP10=TIM2
NVIC.SysTick_IRQn=true\:0\:0\:false\:false\:true\:false\:true
Mcu.IP12=TIM6
RCC.RCC_MCO1Source=RCC_MCO1SOURCE_PLLCLK
Mcu.IP11=TIM3
Mcu.IP13=TIM9
RCC.VCOInputFreq_Value=1000000
PA14.Mode=Serial_Wire
PE8.Locked=true
PF11.Signal=GPIO_Output
PB5.Mode=Full_Duplex_Master
PE3.GPIOParameters=GPIO_Label
Dma.SDIO_TX.5.RequestParameters=Instance,Direction,PeriphInc,MemInc,PeriphDataAlignment,MemDataAlignment,Mode,Priority,FIFOMode,FIFOThreshold,MemBurst,PeriphBurst
PE3.Locked=true
PB7.Signal=GPIO_Output
Dma.SDIO_RX.4.Mode=DMA_PFCTRL
Dma.SPI3_RX.6.RequestParameters=Instance,Direction,PeriphInc,MemInc,PeriphDataAlignment,MemDataAlignment,Mode,Priority,FIFOMode
TIM2.Channel-PWM\ Generation1\ CH1=TIM_CHANNEL_1
PF11.GPIOParameters=PinState,GPIO_Label
PB6.GPIOParameters=GPIO_Label
PB0.Locked=true
PH1-OSC_OUT.Mode=HSE-External-Oscillator
PB7.GPIO_Label=ADC_CLK
PD13.GPIO_Label=ADIB1_ID0
PA6.Signal=GPIO_Input
PG11.Locked=true
PD5.GPIO_Label=ISEL_LOW\#3
ProjectManager.ToolChainLocation=
PG1.GPIO_PuPd=GPIO_PULLUP
SH.GPXTI0.0=GPIO_EXTI0
PA15.Signal=GPIO_Output
PG0.GPIO_Label=DAC_CLR-SEL\#2
Dma.SDIO_RX.4.Direction=DMA_PERIPH_TO_MEMORY
Mcu.Pin95=PB7
Mcu.Pin96=PB8
PF4.Locked=true
Mcu.Pin93=PB5
Mcu.Pin94=PB6
Mcu.Pin99=PE1
PB5.GPIO_Label=ADC_MOSI
Mcu.Pin97=PB9
Mcu.Pin98=PE0
Dma.Request2=SPI2_RX
Dma.Request1=SPI4_TX
Dma.Request4=SDIO_RX
Dma.Request3=SPI2_TX
Dma.SDIO_RX.4.Priority=DMA_PRIORITY_LOW
Mcu.Pin91=PB3
Dma.Request6=SPI3_RX
NVIC.DMA1_Stream0_IRQn=true\:0\:0\:false\:false\:true\:false\:true
Dma.Request5=SDIO_TX
Mcu.Pin92=PB4
PG11.GPIO_Label=USEL100\#1
PC5.Signal=GPIO_Output
PD3.GPIO_Label=ADIB1_SW
Mcu.Pin90=PG15
Dma.Request7=SPI3_TX
PE7.Signal=GPIO_Output
PD6.Signal=GPIO_Output
Dma.Request0=SPI4_RX
PF3.GPIO_Label=ISEL_S\#4
PF15.GPIOParameters=GPIO_Label
PE2.GPIO_Label=DIN4
PE12.Locked=true
PC14-OSC32_IN.Locked=true
Mcu.Pin84=PG9
Dma.SPI2_TX.3.Direction=DMA_MEMORY_TO_PERIPH
Mcu.Pin85=PG10
PB15.Locked=true
Mcu.Pin82=PD6
PB4.Signal=SPI3_MISO
PG2.GPIO_Label=ADIB2_ID0
Mcu.Pin83=PD7
PA3.Signal=GPIO_Output
Mcu.Pin88=PG13
Mcu.Pin89=PG14
Mcu.Pin86=PG11
Mcu.Pin87=PG12
Dma.SPI4_TX.1.MemInc=DMA_MINC_ENABLE
Dma.SDIO_TX.5.Mode=DMA_PFCTRL
Dma.SPI3_RX.6.FIFOMode=DMA_FIFOMODE_DISABLE
PD15.GPIO_Label=ADIB2_ID1
PG7.Locked=true
PB8.GPIOParameters=GPIO_Label
PG7.Signal=GPIO_Output
PE14.GPIOParameters=GPIO_Label
Dma.SPI2_TX.3.MemDataAlignment=DMA_MDATAALIGN_HALFWORD
PC11.Signal=SDIO_D3
RCC.FMPI2C1Freq_Value=45000000
PC8.Signal=SDIO_D0
TIM6.Prescaler=8
PC10.Mode=SD_4_bits_Wide_bus
VP_TIM6_VS_ClockSourceINT.Mode=Enable_Timer
ProjectManager.DefaultFWLocation=true
PE14.GPIO_Label=DIB_MOSI
PB12.Locked=true
ProjectManager.DeletePrevious=true
PB10.Locked=true
PA12.GPIO_Label=SD_DETECT
NVIC.SDIO_IRQn=true\:0\:0\:false\:false\:true\:true\:true
RCC.FamilyName=M
Dma.SDIO_RX.4.Instance=DMA2_Stream3
Dma.SPI2_RX.2.Mode=DMA_CIRCULAR
PE15.GPIOParameters=GPIO_Label
PD8.GPIO_Label=DAC_ALARM
PB9.GPIOParameters=GPIO_Label
FATFS0.BSP.instance=PA12
PG8.GPIO_Label=IN_CTRL2
FATFS.IPParameters=_USE_LFN
PA13.Signal=SYS_JTMS-SWDIO
TIM6.IPParameters=Prescaler,Period,AutoReloadPreload
PB10.GPIO_Label=DIB_IRQ
PB7.GPIOParameters=PinState,GPIO_Label
PC5.GPIOParameters=GPIO_Label
RCC.I2S1Freq_Value=96000000
Dma.SPI4_RX.0.PeriphDataAlignment=DMA_PDATAALIGN_BYTE
SPI2.IPParameters=VirtualType,Mode,Direction,CalculateBaudRate,BaudRatePrescaler,TIMode,CLKPhase,CRCCalculation,DataSize
PE2.GPIOParameters=GPIO_Label
PG10.GPIOParameters=GPIO_Label
PE0.Locked=true
RCC.USBFreq_Value=48000000
PA1.Signal=GPIO_Output
RCC.VCOI2SOutputFreq_Value=192000000
PD2.Mode=SD_4_bits_Wide_bus
RCC.PLLSAIPCLKFreq_Value=48000000
board=custom
SPI3.CLKPhase=SPI_PHASE_2EDGE
RCC.VCOOutputFreq_Value=360000000
PF14.GPIOParameters=PinState,GPIO_Label
PB15.Mode=Full_Duplex_Master
Dma.SPI3_RX.6.PeriphDataAlignment=DMA_PDATAALIGN_BYTE
PA15.PinState=GPIO_PIN_SET
MxCube.Version=6.2.0
PC1.GPIO_Label=ISEL10_R\#4
PA10.GPIOParameters=GPIO_Label
PD4.GPIOParameters=GPIO_Label
VP_SYS_VS_Systick.Mode=SysTick
PF15.GPIO_Label=DAC_CLR\#2
PF14.Locked=true
PE5.Locked=true
SH.S_TIM9_CH1.ConfNb=1
PF1.Signal=GPIO_Output
RCC.IPParameters=AHBFreq_Value,APB1CLKDivider,APB1Freq_Value,APB1TimFreq_Value,APB2CLKDivider,APB2Freq_Value,APB2TimFreq_Value,CECFreq_Value,CortexFreq_Value,FCLKCortexFreq_Value,FMPI2C1Freq_Value,FamilyName,HCLKFreq_Value,HSE_VALUE,I2S1Freq_Value,I2S2Freq_Value,MCO1PinFreq_Value,MCO2PinFreq_Value,PLLCLKFreq_Value,PLLI2SPCLKFreq_Value,PLLI2SQCLKFreq_Value,PLLI2SRCLKFreq_Value,PLLI2SoutputFreq_Value,PLLN,PLLQ,PLLQCLKFreq_Value,PLLRCLKFreq_Value,PLLSAIM,PLLSAIN,PLLSAIP,PLLSAIPCLKFreq_Value,PLLSAIQCLKFreq_Value,PLLSAIoutputFreq_Value,PLLSourceVirtual,PWRFreq_Value,RCC_MCO1Source,RCC_MCODiv1,SAIAFreq_Value,SAIBFreq_Value,SDIOFreq_Value,SPDIFRXFreq_Value,SYSCLKFreq_VALUE,SYSCLKSource,USBCLockSelection,USBFreq_Value,VCOI2SInputFreq_Value,VCOI2SOutputFreq_Value,VCOInputFreq_Value,VCOOutputFreq_Value,VCOSAIInputFreq_Value,VCOSAIOutputFreq_Value
ProjectManager.AskForMigrate=true
PE0.Signal=GPIO_Input
PE7.GPIO_Label=BIAS_EN
PE12.Signal=SPI4_SCK
Mcu.IP8=SPI4
Mcu.IP9=SYS
Mcu.IP6=SPI2
RCC.VCOSAIInputFreq_Value=2000000
Mcu.IP7=SPI3
ProjectManager.CoupleFile=false
RCC.SYSCLKFreq_VALUE=180000000
Dma.SPI3_RX.6.Instance=DMA1_Stream0
PA1.Locked=true
KeepUserPlacement=false
Dma.SPI4_RX.0.Direction=DMA_PERIPH_TO_MEMORY
PA15.GPIO_Speed=GPIO_SPEED_FREQ_LOW
Dma.SDIO_TX.5.FIFOMode=DMA_FIFOMODE_ENABLE
PF13.GPIOParameters=GPIO_Speed,PinState,GPIO_Label
PC6.GPIOParameters=GPIO_Label
RCC.PLLQ=8
SH.GPXTI15.0=GPIO_EXTI15
RCC.PLLN=360
PB7.Locked=true
PC8.Locked=true
Dma.SPI3_TX.7.PeriphInc=DMA_PINC_DISABLE
NVIC.DMA1_Stream3_IRQn=true\:0\:0\:false\:false\:true\:false\:false
Dma.SDIO_RX.4.PeriphBurst=DMA_PBURST_INC4
VP_CRC_VS_CRC.Mode=CRC_Activate
Dma.SDIO_TX.5.Instance=DMA2_Stream6
PB12.Signal=GPIO_Output
PG11.GPIOParameters=GPIO_Label
PE1.GPIOParameters=GPIO_Label
PA3.GPIO_Label=DOUT3
Dma.SPI3_TX.7.PeriphDataAlignment=DMA_PDATAALIGN_BYTE
PA6.Locked=true
Dma.SPI4_TX.1.RequestParameters=Instance,Direction,PeriphInc,MemInc,PeriphDataAlignment,MemDataAlignment,Mode,Priority,FIFOMode
PH0-OSC_IN.Signal=RCC_OSC_IN
SPI3.Direction=SPI_DIRECTION_2LINES
SPI4.VirtualType=VM_SLAVE
SPI3.VirtualType=VM_MASTER
PG2.GPIO_PuPd=GPIO_PULLUP
SPI2.VirtualType=VM_MASTER
VP_FATFS_VS_SDIO.Mode=SDIO
PC12.Locked=true
PG4.Signal=GPIO_Output
PG4.Locked=true
RCC.PLLCLKFreq_Value=180000000
PC12.Signal=SDIO_CK
PB14.GPIO_Label=DAC_MISO
PG6.GPIO_Label=IN_CTRL4
PG3.GPIOParameters=GPIO_Label
PE8.GPIO_PuPd=GPIO_PULLUP
PD3.GPIOParameters=GPIO_Label
PC6.GPIO_Label=IN_CTRL1
PC3.Locked=true
PA3.GPIOParameters=GPIO_Label
PA6.GPIO_Label=DIN7
PB6.GPIO_Label=ADC_START
PD4.Locked=true
PB13.Signal=SPI2_SCK
RCC.SAIAFreq_Value=96000000
PD6.GPIO_Label=ISEL10_R\#3
PG13.Signal=GPIO_Output
PC15-OSC32_OUT.GPIO_Label=ISEL\#2
PinOutPanel.RotationAngle=0
PE6.GPIO_Label=DIN0
RCC.MCO1PinFreq_Value=45000000
RCC.SYSCLKSource=RCC_SYSCLKSOURCE_PLLCLK
Dma.SPI3_RX.6.PeriphInc=DMA_PINC_DISABLE
PD15.GPIOParameters=GPIO_PuPd,GPIO_Label
VP_FATFS_VS_SDIO.Signal=FATFS_VS_SDIO
Dma.SPI3_TX.7.MemDataAlignment=DMA_MDATAALIGN_BYTE
Dma.SPI2_RX.2.Direction=DMA_PERIPH_TO_MEMORY
TIM2.IPParameters=Channel-PWM Generation1 CH1,Period
PD4.Signal=GPIO_Output
PC3.Signal=GPIO_Output
PE5.Signal=S_TIM9_CH1
PB13.Locked=true
PG13.Locked=true
FATFS0.BSP.i2caddr=0
PA4.Locked=true
PD1.GPIOParameters=GPIO_Label
PG1.GPIOParameters=GPIO_PuPd,GPIO_Label
MxDb.Version=DB.6.0.20
PB0.GPIOParameters=GPIO_Label
PE15.Locked=true
PE0.GPIOParameters=GPIO_Label
PA1.GPIOParameters=GPIO_Label
SPI2.CalculateBaudRate=11.25 MBits/s
PE2.Signal=GPIO_Input
NVIC.PendSV_IRQn=true\:0\:0\:false\:false\:true\:false\:false
PF3.Signal=GPIO_Output
Dma.SPI4_RX.0.Mode=DMA_NORMAL
PB7.PinState=GPIO_PIN_SET
RCC.MCO2PinFreq_Value=180000000
PD11.Locked=true
PG13.GPIOParameters=GPIO_Label
PG5.GPIOParameters=GPIO_Label
FATFS0.BSP.solution=PA12
PD5.GPIOParameters=GPIO_Label
Dma.SPI2_RX.2.MemInc=DMA_MINC_ENABLE
SH.GPXTI8.ConfNb=1
PA5.GPIOParameters=GPIO_Label
PB14.GPIOParameters=GPIO_Label
Dma.SDIO_TX.5.PeriphInc=DMA_PINC_DISABLE
RCC.CECFreq_Value=32786.88524590164
PF14.Signal=GPIO_Output
NVIC.BusFault_IRQn=true\:0\:0\:false\:false\:true\:false\:false
PB10.GPIOParameters=PinState,GPIO_Label
PC15-OSC32_OUT.GPIOParameters=GPIO_Label
PA12.GPIO_PuPd=GPIO_PULLUP
ProjectManager.CustomerFirmwarePackage=
PC4.GPIOParameters=GPIO_Label
TIM9.Period=0
PF4.GPIOParameters=GPIO_Label
Dma.SPI2_TX.3.MemInc=DMA_MINC_ENABLE
Dma.SPI3_RX.6.Priority=DMA_PRIORITY_LOW
Dma.SPI3_TX.7.Direction=DMA_MEMORY_TO_PERIPH
Dma.SDIO_TX.5.MemDataAlignment=DMA_MDATAALIGN_WORD
PA15.GPIOParameters=GPIO_Speed,PinState,GPIO_Label
PG9.Locked=true
PG9.Signal=GPIO_Output
PC6.Signal=GPIO_Output
PD13.GPIOParameters=GPIO_PuPd,GPIO_Label
PD7.Signal=GPIO_Output
SH.GPXTI0.ConfNb=1
PD1.Signal=GPIO_Output
PF14.GPIO_Label=DAC_CS\#2
PF13.PinState=GPIO_PIN_SET
NVIC.DMA2_Stream1_IRQn=true\:0\:0\:false\:false\:true\:false\:true
RCC.APB1CLKDivider=RCC_HCLK_DIV4
Dma.SPI3_RX.6.MemDataAlignment=DMA_MDATAALIGN_BYTE
PF13.GPIO_Label=DAC_CLR-SEL\#1
PG13.GPIO_Label=USEL1\#1
SH.S_TIM2_CH1_ETR.ConfNb=1
PA0-WKUP.GPIO_Label=DOUT0
PA0-WKUP.Signal=GPIO_Output
PG10.Signal=GPIO_Output
Dma.SPI4_TX.1.PeriphInc=DMA_PINC_DISABLE
PG10.Locked=true
VP_TIM6_VS_ClockSourceINT.Signal=TIM6_VS_ClockSourceINT
PC15-OSC32_OUT.Locked=true
Dma.SPI2_RX.2.FIFOMode=DMA_FIFOMODE_DISABLE
SH.S_TIM9_CH2.0=TIM9_CH2,Input_Capture2_from_TI2
Dma.SPI3_TX.7.Mode=DMA_NORMAL
SPI2.CRCCalculation=SPI_CRCCALCULATION_DISABLE
VP_CRC_VS_CRC.Signal=CRC_VS_CRC
PC6.Locked=true
PB5.Locked=true
Dma.SPI2_TX.3.Mode=DMA_CIRCULAR
SPI4.VirtualNSS=VM_NSSHARD
PD7.Locked=true
PE9.GPIO_Label=AFE_ID0
Dma.SDIO_TX.5.Priority=DMA_PRIORITY_LOW
PB10.Signal=GPIO_Output
FATFS.BSP.number=1
RCC.USBCLockSelection=RCC_CLK48CLKSOURCE_PLLSAIP
ProjectManager.LastFirmware=true
PF2.GPIOParameters=GPIO_Label
Dma.SPI2_TX.3.Instance=DMA1_Stream4
PE15.Signal=GPIO_Input
PE8.Signal=GPIO_Input
FATFS0.BSP.i2creg=
PC2.GPIOParameters=GPIO_Label
PF11.Locked=true
PF12.Locked=true
TIM3.IPParameters=Channel-PWM Generation2 CH2,Period
PE7.Locked=true
PA13.Mode=Serial_Wire
PG14.GPIO_Label=ISEL\#1
ProjectManager.FreePins=false
ProjectManager.UnderRoot=true
PE13.Locked=true
PA4.Signal=GPIO_Output
PB5.Signal=SPI3_MOSI
PG15.GPIOParameters=GPIO_PuPd,GPIO_Label,GPIO_ModeDefaultEXTI
PE13.GPIO_Label=DIB_MISO
PD11.Signal=GPIO_Input
ProjectManager.CompilerOptimize=6
SH.S_TIM2_CH1_ETR.0=TIM2_CH1,PWM Generation1 CH1
Dma.SDIO_TX.5.MemBurst=DMA_MBURST_INC4
ProjectManager.ComputerToolchain=false
Dma.SPI4_TX.1.Priority=DMA_PRIORITY_LOW
TIM3.Channel-PWM\ Generation2\ CH2=TIM_CHANNEL_2
PE2.Locked=true
Dma.SPI2_TX.3.PeriphInc=DMA_PINC_DISABLE
PC3.GPIO_Label=ISEL_MID\#4
PF3.Locked=true
SPI2.DataSize=SPI_DATASIZE_8BIT
Dma.SPI2_TX.3.FIFOMode=DMA_FIFOMODE_DISABLE
PE12.GPIOParameters=GPIO_Label
PG3.GPIO_Label=IN_CTRL7
PD1.Locked=true
PB0.Signal=GPIO_Output
Dma.SPI4_RX.0.MemDataAlignment=DMA_MDATAALIGN_BYTE
PA7.GPIOParameters=GPIO_Label
PC1.Signal=GPIO_Output
PB12.GPIOParameters=PinState,GPIO_Label
PG15.GPIO_PuPd=GPIO_PULLUP
PG10.GPIO_Label=ISEL_S\#3
PD7.GPIOParameters=GPIO_Label
PG7.GPIOParameters=GPIO_Label
Mcu.Pin101=VP_FATFS_VS_SDIO
Mcu.Pin102=VP_SYS_VS_Systick
Mcu.Pin103=VP_TIM6_VS_ClockSourceINT
Mcu.Pin100=VP_CRC_VS_CRC
RCC.CortexFreq_Value=180000000
PG6.Signal=GPIO_Output
Mcu.UserName=STM32F446ZCTx
PC10.Locked=true
PG6.Locked=true
PC10.Signal=SDIO_D2
SPI4.Direction=SPI_DIRECTION_2LINES
ProjectManager.functionlistsort=1-MX_GPIO_Init-GPIO-false-HAL-true,2-MX_DMA_Init-DMA-false-HAL-true,3-SystemClock_Config-RCC-false-HAL-false,4-MX_SDIO_SD_Init-SDIO-false-HAL-true,5-MX_SPI4_Init-SPI4-false-HAL-true,6-MX_CRC_Init-CRC-false-HAL-true,7-MX_SPI2_Init-SPI2-false-HAL-true,8-MX_SPI3_Init-SPI3-false-HAL-true,9-MX_TIM9_Init-TIM9-false-HAL-true,10-MX_FATFS_Init-FATFS-false-HAL-false,11-MX_TIM6_Init-TIM6-false-HAL-true,12-MX_TIM2_Init-TIM2-false-HAL-true,13-MX_TIM3_Init-TIM3-false-HAL-true
PC9.Locked=true
PB0.GPIO_Label=DOUT6
RCC.PLLI2SRCLKFreq_Value=96000000
PC13.GPIO_Label=USEL1\#4
NVIC.DMA1_Stream4_IRQn=true\:0\:0\:false\:false\:true\:false\:false
PE5.GPIOParameters=GPIO_Label
ProjectManager.StackSize=0x4000
PD11.GPIO_PuPd=GPIO_PULLUP
PB4.GPIOParameters=GPIO_Label
PA12.Locked=true
Dma.SPI4_RX.0.MemInc=DMA_MINC_ENABLE
PA12.Signal=GPIO_Input
PE11.Mode=NSS_Signal_Hard_Input
Mcu.UserConstants=
SPI4.Mode=SPI_MODE_SLAVE
PC1.GPIOParameters=GPIO_Label
PF5.Locked=true
Mcu.ThirdPartyNb=0
PD11.GPIO_Label=ADIB1_ID2
RCC.HCLKFreq_Value=180000000
Mcu.IPNb=14
RCC.SPDIFRXFreq_Value=180000000
PF11.GPIO_Label=DAC_CS\#1
PD8.GPIOParameters=GPIO_PuPd,GPIO_Label
PF12.Signal=GPIO_Output
Mcu.Pin6=PC14-OSC32_IN
Mcu.Pin7=PC15-OSC32_OUT
Dma.SPI2_TX.3.Priority=DMA_PRIORITY_LOW
NVIC.DMA2_Stream0_IRQn=true\:0\:0\:false\:false\:true\:false\:true
Mcu.Pin8=PF0
Mcu.Pin9=PF1
RCC.VCOSAIOutputFreq_Value=192000000
RCC.AHBFreq_Value=180000000
SPI2.BaudRatePrescaler=SPI_BAUDRATEPRESCALER_4
PH0-OSC_IN.Mode=HSE-External-Oscillator
Mcu.Pin0=PE2
Dma.SPI2_TX.3.RequestParameters=Instance,Direction,PeriphInc,MemInc,PeriphDataAlignment,MemDataAlignment,Mode,Priority,FIFOMode
SPI3.DataSize=SPI_DATASIZE_8BIT
Mcu.Pin1=PE3
GPIO.groupedBy=Group By Peripherals
Mcu.Pin2=PE4
Mcu.Pin3=PE5
Mcu.Pin4=PE6
Mcu.Pin5=PC13
SPI4.CRCPolynomial=X0+X1+X2
PB4.Mode=Full_Duplex_Master
PE13.Signal=SPI4_MISO
File.Version=6
PA10.GPIO_Label=ADIB2_SW
Dma.SPI4_TX.1.Instance=DMA2_Stream1
PF11.PinState=GPIO_PIN_SET
RCC.RCC_MCODiv1=RCC_MCODIV_4
PB3.GPIOParameters=GPIO_Label
PB8.Locked=true
TIM6.Period=999
PE4.Signal=GPIO_Input
PE6.GPIOParameters=GPIO_Label
Dma.RequestsNb=8
PC14-OSC32_IN.GPIOParameters=GPIO_Label
ProjectManager.ProjectName=mio168-firmware
PD7.GPIO_Label=ISEL10_S\#3
PA7.Locked=true
Dma.SPI2_RX.2.Priority=DMA_PRIORITY_LOW
PA2.GPIO_Label=DOUT2
PD14.Locked=true
PD15.GPIO_PuPd=GPIO_PULLUP
PF5.GPIO_Label=ISEL10_S\#4
SPI2.CLKPhase=SPI_PHASE_1EDGE
PE0.GPIO_Label=DIN6
RCC.PLLSAIN=96
PF5.Signal=GPIO_Output
RCC.PLLSAIM=8
RCC.PLLSAIP=RCC_PLLSAIP_DIV4
Dma.SPI4_RX.0.PeriphInc=DMA_PINC_DISABLE
PC4.Locked=true
SH.S_TIM9_CH2.ConfNb=1
SPI3.IPParameters=VirtualType,Mode,Direction,CalculateBaudRate,BaudRatePrescaler,DataSize,CLKPhase
PC14-OSC32_IN.GPIO_Label=USEL10\#4
SPI2.Direction=SPI_DIRECTION_2LINES
PF0.Signal=GPIO_Output
Dma.SPI3_TX.7.RequestParameters=Instance,Direction,PeriphInc,MemInc,PeriphDataAlignment,MemDataAlignment,Mode,Priority,FIFOMode
RCC.SAIBFreq_Value=96000000
PC2.GPIO_Label=ISEL_LOW\#4
TIM9.IPParameters=Channel-Input_Capture2_from_TI2,Channel-Input_Capture1_from_TI1,Period
PA2.Locked=true
PB3.GPIO_Label=ADC_SCK
RCC.PLLSourceVirtual=RCC_PLLSOURCE_HSE
PE8.GPIOParameters=GPIO_PuPd,GPIO_Label
Dma.SPI4_TX.1.Mode=DMA_NORMAL
PB9.GPIO_Label=SLOW_DIN\#0
ProjectManager.NoMain=false
PG3.Signal=GPIO_Output
PG1.Signal=GPIO_Input
PG1.Locked=true
RCC.VCOI2SInputFreq_Value=1000000
PC4.Signal=GPIO_Output
PD5.Signal=GPIO_Output
PA0-WKUP.Locked=true
PE9.GPIOParameters=GPIO_PuPd,GPIO_Label
PD12.Locked=true
SDIO.ClockBypass=SDIO_CLOCK_BYPASS_ENABLE
Dma.SDIO_RX.4.MemInc=DMA_MINC_ENABLE
TIM6.AutoReloadPreload=TIM_AUTORELOAD_PRELOAD_ENABLE
Dma.SPI4_TX.1.FIFOMode=DMA_FIFOMODE_DISABLE
PE15.GPIO_Label=DIB_SYNC
PD12.GPIOParameters=GPIO_PuPd,GPIO_Label
ProjectManager.TargetToolchain=STM32CubeIDE
PE7.GPIOParameters=GPIO_Label
NVIC.DMA1_Stream5_IRQn=true\:0\:0\:false\:false\:true\:false\:true
FATFS0.BSP.condition=
PF15.Locked=true
PE4.Locked=true
PF2.Signal=GPIO_Output
PC2.Locked=true
ProjectManager.RegisterCallBack=
PF5.GPIOParameters=GPIO_Label
NVIC.DMA2_Stream3_IRQn=true\:0\:0\:false\:false\:true\:false\:true
RCC.PLLSAIoutputFreq_Value=48000000
PE11.Signal=SPI4_NSS
PC15-OSC32_OUT.Signal=GPIO_Output
PD3.Locked=true
TIM9.Channel-Input_Capture1_from_TI1=TIM_CHANNEL_1
PB1.Locked=true
SPI4.CRCCalculation=SPI_CRCCALCULATION_ENABLE
PG9.GPIO_Label=ISEL_R\#3
SH.S_TIM3_CH2.0=TIM3_CH2,PWM Generation2 CH2
PG14.Signal=GPIO_Output
PG1.GPIO_Label=DOUT_FAULT
PD11.GPIOParameters=GPIO_PuPd,GPIO_Label
RCC.APB2Freq_Value=90000000
SPI3.CalculateBaudRate=11.25 MBits/s
PG4.GPIOParameters=GPIO_Label
PC13.GPIOParameters=GPIO_Label
PD4.GPIO_Label=ISEL_MID\#3
PE14.Mode=Full_Duplex_Slave
SPI3.BaudRatePrescaler=SPI_BAUDRATEPRESCALER_4
PH1-OSC_OUT.Signal=RCC_OSC_OUT
PD13.GPIO_PuPd=GPIO_PULLUP
PF15.Signal=GPIO_Output
PD14.GPIO_Label=ADIB2_ID2
PA4.GPIOParameters=GPIO_Label
PF0.Locked=true
PE6.Signal=S_TIM9_CH2
PB15.GPIOParameters=GPIO_Label
PE11.Locked=true
Mcu.Name=STM32F446Z(C-E)Tx
PA2.Signal=GPIO_Output
PD14.Signal=GPIO_Input
PB3.Signal=SPI3_SCK
PA7.GPIO_Label=PWM2
Dma.SDIO_TX.5.PeriphBurst=DMA_PBURST_INC4
PG12.Locked=true
PC5.GPIO_Label=DOUT5
Dma.SPI4_RX.0.Instance=DMA2_Stream0
PA14.Signal=SYS_JTCK-SWCLK
PG12.GPIO_Label=USEL10\#1
FATFS0.BSP.component=
PB8.Signal=GPIO_Output
PE3.GPIO_Label=DIN3
PC9.Signal=SDIO_D1
RCC.APB1Freq_Value=45000000
ProjectManager.DeviceId=STM32F446ZCTx
SPI2.TIMode=SPI_TIMODE_DISABLE
ProjectManager.LibraryCopy=1
PD12.GPIO_PuPd=GPIO_PULLUP
PB1.GPIOParameters=GPIO_Label
PA7.Signal=S_TIM3_CH2
PE9.GPIO_PuPd=GPIO_PULLUP
PF2.GPIO_Label=USEL100\#2
Dma.SPI4_RX.0.FIFOMode=DMA_FIFOMODE_DISABLE
isbadioc=false
